
Microsoft Visual Studio Solution File, Format Version 12.00
Project("{FAE04EC0-301F-11D3-BF4B-00C04F79EFBC}") = "App2", "App2\App2.csproj", "{586AB04D-06A6-4608-AC1B-651EF1612FBB}"
EndProject
Global
	GlobalSection(SolutionConfigurationPlatforms) = preSolution
		Debug|Any CPU = Debug|Any CPU
		Release|Any CPU = Release|Any CPU
	EndGlobalSection
	GlobalSection(ProjectConfigurationPlatforms) = postSolution
		{586AB04D-06A6-4608-AC1B-651EF1612FBB}.Debug|Any CPU.ActiveCfg = Debug|Any CPU
		{586AB04D-06A6-4608-AC1B-651EF1612FBB}.Debug|Any CPU.Build.0 = Debug|Any CPU
		{586AB04D-06A6-4608-AC1B-651EF1612FBB}.Release|Any CPU.ActiveCfg = Release|Any CPU
		{586AB04D-06A6-4608-AC1B-651EF1612FBB}.Release|Any CPU.Build.0 = Release|Any CPU
	EndGlobalSection
EndGlobal
